
Microsoft Visual Studio Solution File, Format Version 12.00
# Visual Studio 15
VisualStudioVersion = 15.0.27130.2010
MinimumVisualStudioVersion = 10.0.40219.1
Project("{FAE04EC0-301F-11D3-BF4B-00C04F79EFBC}") = "student", "student\student.csproj", "{909855C9-DE2D-40D7-9552-EBADDA22AF4B}"
EndProject
Global
	GlobalSection(SolutionConfigurationPlatforms) = preSolution
		Debug|Any CPU = Debug|Any CPU
		Release|Any CPU = Release|Any CPU
	EndGlobalSection
	GlobalSection(ProjectConfigurationPlatforms) = postSolution
		{909855C9-DE2D-40D7-9552-EBADDA22AF4B}.Debug|Any CPU.ActiveCfg = Debug|Any CPU
		{909855C9-DE2D-40D7-9552-EBADDA22AF4B}.Debug|Any CPU.Build.0 = Debug|Any CPU
		{909855C9-DE2D-40D7-9552-EBADDA22AF4B}.Release|Any CPU.ActiveCfg = Release|Any CPU
		{909855C9-DE2D-40D7-9552-EBADDA22AF4B}.Release|Any CPU.Build.0 = Release|Any CPU
	EndGlobalSection
	GlobalSection(SolutionProperties) = preSolution
		HideSolutionNode = FALSE
	EndGlobalSection
	GlobalSection(ExtensibilityGlobals) = postSolution
		SolutionGuid = {0E1B45FC-86D3-46AE-AFB1-81C1929B8784}
	EndGlobalSection
EndGlobal
