
Microsoft Visual Studio Solution File, Format Version 12.00
# Visual Studio 15
VisualStudioVersion = 15.0.27130.2027
MinimumVisualStudioVersion = 10.0.40219.1
Project("{FAE04EC0-301F-11D3-BF4B-00C04F79EFBC}") = "Far", "Far\Far.csproj", "{519AF11B-D864-4F44-8DB0-7D773EE575ED}"
EndProject
Global
	GlobalSection(SolutionConfigurationPlatforms) = preSolution
		Debug|Any CPU = Debug|Any CPU
		Release|Any CPU = Release|Any CPU
	EndGlobalSection
	GlobalSection(ProjectConfigurationPlatforms) = postSolution
		{519AF11B-D864-4F44-8DB0-7D773EE575ED}.Debug|Any CPU.ActiveCfg = Debug|Any CPU
		{519AF11B-D864-4F44-8DB0-7D773EE575ED}.Debug|Any CPU.Build.0 = Debug|Any CPU
		{519AF11B-D864-4F44-8DB0-7D773EE575ED}.Release|Any CPU.ActiveCfg = Release|Any CPU
		{519AF11B-D864-4F44-8DB0-7D773EE575ED}.Release|Any CPU.Build.0 = Release|Any CPU
	EndGlobalSection
	GlobalSection(SolutionProperties) = preSolution
		HideSolutionNode = FALSE
	EndGlobalSection
	GlobalSection(ExtensibilityGlobals) = postSolution
		SolutionGuid = {09894960-A386-44F9-9D4C-6F03098A2F8B}
	EndGlobalSection
EndGlobal
