
Microsoft Visual Studio Solution File, Format Version 12.00
# Visual Studio 15
VisualStudioVersion = 15.0.27130.2027
MinimumVisualStudioVersion = 10.0.40219.1
Project("{FAE04EC0-301F-11D3-BF4B-00C04F79EFBC}") = "2", "2\2.csproj", "{0D8B3CB4-CC25-4A01-BE35-406741B6A333}"
EndProject
Global
	GlobalSection(SolutionConfigurationPlatforms) = preSolution
		Debug|Any CPU = Debug|Any CPU
		Release|Any CPU = Release|Any CPU
	EndGlobalSection
	GlobalSection(ProjectConfigurationPlatforms) = postSolution
		{0D8B3CB4-CC25-4A01-BE35-406741B6A333}.Debug|Any CPU.ActiveCfg = Debug|Any CPU
		{0D8B3CB4-CC25-4A01-BE35-406741B6A333}.Debug|Any CPU.Build.0 = Debug|Any CPU
		{0D8B3CB4-CC25-4A01-BE35-406741B6A333}.Release|Any CPU.ActiveCfg = Release|Any CPU
		{0D8B3CB4-CC25-4A01-BE35-406741B6A333}.Release|Any CPU.Build.0 = Release|Any CPU
	EndGlobalSection
	GlobalSection(SolutionProperties) = preSolution
		HideSolutionNode = FALSE
	EndGlobalSection
	GlobalSection(ExtensibilityGlobals) = postSolution
		SolutionGuid = {7C19FBB6-4CD3-461A-A7FA-E4CA08B1E2DC}
	EndGlobalSection
EndGlobal
