
Microsoft Visual Studio Solution File, Format Version 12.00
# Visual Studio 15
VisualStudioVersion = 15.0.27130.2027
MinimumVisualStudioVersion = 10.0.40219.1
Project("{FAE04EC0-301F-11D3-BF4B-00C04F79EFBC}") = "paint", "paint\paint.csproj", "{ED275308-7AE1-45F4-BC8B-90A0906E34B4}"
EndProject
Global
	GlobalSection(SolutionConfigurationPlatforms) = preSolution
		Debug|Any CPU = Debug|Any CPU
		Release|Any CPU = Release|Any CPU
	EndGlobalSection
	GlobalSection(ProjectConfigurationPlatforms) = postSolution
		{ED275308-7AE1-45F4-BC8B-90A0906E34B4}.Debug|Any CPU.ActiveCfg = Debug|Any CPU
		{ED275308-7AE1-45F4-BC8B-90A0906E34B4}.Debug|Any CPU.Build.0 = Debug|Any CPU
		{ED275308-7AE1-45F4-BC8B-90A0906E34B4}.Release|Any CPU.ActiveCfg = Release|Any CPU
		{ED275308-7AE1-45F4-BC8B-90A0906E34B4}.Release|Any CPU.Build.0 = Release|Any CPU
	EndGlobalSection
	GlobalSection(SolutionProperties) = preSolution
		HideSolutionNode = FALSE
	EndGlobalSection
	GlobalSection(ExtensibilityGlobals) = postSolution
		SolutionGuid = {C53E3FB6-3F28-4D32-B972-0FDC70EF1C85}
	EndGlobalSection
EndGlobal
